
Microsoft Visual Studio Solution File, Format Version 12.00
# Visual Studio Version 17
VisualStudioVersion = 17.14.36212.18
MinimumVisualStudioVersion = 10.0.40219.1
Project("{FAE04EC0-301F-11D3-BF4B-00C04F79EFBC}") = "ZAWDotNetTrainingBatch2.ConsoleApp.ConsoleApp", "ZAWDotNetTrainingBatch2.ConsoleApp.ConsoleApp\ZAWDotNetTrainingBatch2.ConsoleApp.ConsoleApp.csproj", "{4510FEB4-BE57-455D-B41E-A03074EDE70B}"
EndProject
Project("{FAE04EC0-301F-11D3-BF4B-00C04F79EFBC}") = "ZAWDotNetTrainingBatch2.Database", "ZAWDotNetTrainingBatch2.Database\ZAWDotNetTrainingBatch2.Database.csproj", "{1019B975-315E-45E2-B48C-435743492A5B}"
EndProject
Project("{FAE04EC0-301F-11D3-BF4B-00C04F79EFBC}") = "ZAWDotNetTrainingBatch2.Domain", "ZAWDotNetTrainingBatch2.Domain\ZAWDotNetTrainingBatch2.Domain.csproj", "{1850C614-DAA6-47D5-A478-2B8E0CE4E45F}"
EndProject
Project("{2150E333-8FDC-42A3-9474-1A3956D46DE8}") = "Project", "Project", "{02EA681E-C7D8-13C7-8484-4AC65E1B71E8}"
EndProject
Project("{2150E333-8FDC-42A3-9474-1A3956D46DE8}") = "Project1", "Project1", "{9D9A165F-DDC2-4CB7-BBD5-6BB9A4989C6A}"
EndProject
Project("{FAE04EC0-301F-11D3-BF4B-00C04F79EFBC}") = "ZAWDotNetTrainingBatch2.MiniPos.ConsoleApp", "ZAWDotNetTrainingBatch2.MiniPos.ConsoleApp\ZAWDotNetTrainingBatch2.MiniPos.ConsoleApp.csproj", "{39F7D26C-B58B-4B74-A715-388344B28E16}"
EndProject
Project("{FAE04EC0-301F-11D3-BF4B-00C04F79EFBC}") = "ZAWDotNetTrainingBatch2.MiniPos.Database", "ZAWDotNetTrainingBatch2.MiniPos.Database\ZAWDotNetTrainingBatch2.MiniPos.Database.csproj", "{F8D161A2-2A52-4488-9DF7-3330676411D4}"
EndProject
Project("{FAE04EC0-301F-11D3-BF4B-00C04F79EFBC}") = "ZAWDotNetTrainingBatch2.MiniPos.Domain", "ZAWDotNetTrainingBatch2.MiniPos.Domain\ZAWDotNetTrainingBatch2.MiniPos.Domain.csproj", "{5D7D9F74-E179-4EBB-BF34-37BEAE8E8E88}"
EndProject
Project("{FAE04EC0-301F-11D3-BF4B-00C04F79EFBC}") = "ZAWDotNetTrainingBatch2.WebApi", "ZAWDotNetTrainingBatch2.WebApi\ZAWDotNetTrainingBatch2.WebApi.csproj", "{DA473CA7-BDA6-486D-B3F5-8E7FA100954E}"
EndProject
Project("{2150E333-8FDC-42A3-9474-1A3956D46DE8}") = "WindowsFormProject", "WindowsFormProject", "{CB65A1D3-D28F-4F85-819A-5B22EED48899}"
EndProject
Project("{FAE04EC0-301F-11D3-BF4B-00C04F79EFBC}") = "ZAWDotNetTrainingBatch2.WinFormsApp1", "ZAWDotNetTrainingBatch2.WinFormsApp1\ZAWDotNetTrainingBatch2.WinFormsApp1.csproj", "{76805642-35C8-4361-9AFD-374A7151F125}"
EndProject
Project("{FAE04EC0-301F-11D3-BF4B-00C04F79EFBC}") = "ZAWDotNetTrainingBatch2.WindowsFormApp1.Database", "ZAWDotNetTrainingBatch2.WindowsFormApp1.Database\ZAWDotNetTrainingBatch2.WindowsFormApp1.Database.csproj", "{0098C660-35C3-4E5E-AE3C-69283FB0E14F}"
EndProject
Project("{FAE04EC0-301F-11D3-BF4B-00C04F79EFBC}") = "ZAWDotNetTrainingBatch2.WebApi.Database", "ZAWDotNetTrainingBatch2.WebApi.Database\ZAWDotNetTrainingBatch2.WebApi.Database.csproj", "{43654F0F-851F-486B-9E31-AB755601FD2F}"
EndProject
Project("{FAE04EC0-301F-11D3-BF4B-00C04F79EFBC}") = "ZAWDotNetTrainingBatch2.Dapper.WebApi", "ZAWDotNetTrainingBatch2.Dapper.WebApi\ZAWDotNetTrainingBatch2.Dapper.WebApi.csproj", "{1D9C19D9-EACD-464F-BA3E-9912001F5D88}"
EndProject
Project("{FAE04EC0-301F-11D3-BF4B-00C04F79EFBC}") = "ZAWDotNetTrainingBatch2.WebApi.ADonet", "ZAWDotNetTrainingBatch2.WebApi.ADonet\ZAWDotNetTrainingBatch2.WebApi.ADonet.csproj", "{63E6C98A-9300-4296-AE72-2E4A19F8622A}"
EndProject
Project("{FAE04EC0-301F-11D3-BF4B-00C04F79EFBC}") = "WebAppDI", "WebAppDI\WebAppDI.csproj", "{7BC8FCCF-7CE5-4CCA-9CAD-0E3D1205BA38}"
EndProject
Project("{FAE04EC0-301F-11D3-BF4B-00C04F79EFBC}") = "WebApp.DI.Database", "WebApp.DI.Database\WebApp.DI.Database.csproj", "{C157114F-6478-40B1-9FDC-71F6352BA906}"
EndProject
Project("{FAE04EC0-301F-11D3-BF4B-00C04F79EFBC}") = "ZAWDotNetTrainingBatch2.MVC", "ZAWDotNetTrainingBatch2.MVC\ZAWDotNetTrainingBatch2.MVC.csproj", "{BC900F03-814D-4E27-9D43-24D968BE9865}"
EndProject
Project("{2150E333-8FDC-42A3-9474-1A3956D46DE8}") = "HomeWork", "HomeWork", "{2B06BBB5-E03E-413A-9BE0-EE9C41D22B04}"
EndProject
Project("{FAE04EC0-301F-11D3-BF4B-00C04F79EFBC}") = "Webapplication.User.Database", "Webapplication.User.Database\Webapplication.User.Database.csproj", "{E9765FDC-4F8B-43C5-B7CF-2639A8EBE085}"
EndProject
Project("{FAE04EC0-301F-11D3-BF4B-00C04F79EFBC}") = "ConsoleAppUser", "ConsoleAppUser\ConsoleAppUser.csproj", "{826F55EF-E361-4147-A0C4-D120349D74B4}"
EndProject
Project("{FAE04EC0-301F-11D3-BF4B-00C04F79EFBC}") = "WebApp.User.Api", "WebApp.User.Api\WebApp.User.Api.csproj", "{1E3C2AAA-C189-40EC-A6A9-4E9ED1A31441}"
EndProject
Global
	GlobalSection(SolutionConfigurationPlatforms) = preSolution
		Debug|Any CPU = Debug|Any CPU
		Release|Any CPU = Release|Any CPU
	EndGlobalSection
	GlobalSection(ProjectConfigurationPlatforms) = postSolution
		{4510FEB4-BE57-455D-B41E-A03074EDE70B}.Debug|Any CPU.ActiveCfg = Debug|Any CPU
		{4510FEB4-BE57-455D-B41E-A03074EDE70B}.Debug|Any CPU.Build.0 = Debug|Any CPU
		{4510FEB4-BE57-455D-B41E-A03074EDE70B}.Release|Any CPU.ActiveCfg = Release|Any CPU
		{4510FEB4-BE57-455D-B41E-A03074EDE70B}.Release|Any CPU.Build.0 = Release|Any CPU
		{1019B975-315E-45E2-B48C-435743492A5B}.Debug|Any CPU.ActiveCfg = Debug|Any CPU
		{1019B975-315E-45E2-B48C-435743492A5B}.Debug|Any CPU.Build.0 = Debug|Any CPU
		{1019B975-315E-45E2-B48C-435743492A5B}.Release|Any CPU.ActiveCfg = Release|Any CPU
		{1019B975-315E-45E2-B48C-435743492A5B}.Release|Any CPU.Build.0 = Release|Any CPU
		{1850C614-DAA6-47D5-A478-2B8E0CE4E45F}.Debug|Any CPU.ActiveCfg = Debug|Any CPU
		{1850C614-DAA6-47D5-A478-2B8E0CE4E45F}.Debug|Any CPU.Build.0 = Debug|Any CPU
		{1850C614-DAA6-47D5-A478-2B8E0CE4E45F}.Release|Any CPU.ActiveCfg = Release|Any CPU
		{1850C614-DAA6-47D5-A478-2B8E0CE4E45F}.Release|Any CPU.Build.0 = Release|Any CPU
		{39F7D26C-B58B-4B74-A715-388344B28E16}.Debug|Any CPU.ActiveCfg = Debug|Any CPU
		{39F7D26C-B58B-4B74-A715-388344B28E16}.Debug|Any CPU.Build.0 = Debug|Any CPU
		{39F7D26C-B58B-4B74-A715-388344B28E16}.Release|Any CPU.ActiveCfg = Release|Any CPU
		{39F7D26C-B58B-4B74-A715-388344B28E16}.Release|Any CPU.Build.0 = Release|Any CPU
		{F8D161A2-2A52-4488-9DF7-3330676411D4}.Debug|Any CPU.ActiveCfg = Debug|Any CPU
		{F8D161A2-2A52-4488-9DF7-3330676411D4}.Debug|Any CPU.Build.0 = Debug|Any CPU
		{F8D161A2-2A52-4488-9DF7-3330676411D4}.Release|Any CPU.ActiveCfg = Release|Any CPU
		{F8D161A2-2A52-4488-9DF7-3330676411D4}.Release|Any CPU.Build.0 = Release|Any CPU
		{5D7D9F74-E179-4EBB-BF34-37BEAE8E8E88}.Debug|Any CPU.ActiveCfg = Debug|Any CPU
		{5D7D9F74-E179-4EBB-BF34-37BEAE8E8E88}.Debug|Any CPU.Build.0 = Debug|Any CPU
		{5D7D9F74-E179-4EBB-BF34-37BEAE8E8E88}.Release|Any CPU.ActiveCfg = Release|Any CPU
		{5D7D9F74-E179-4EBB-BF34-37BEAE8E8E88}.Release|Any CPU.Build.0 = Release|Any CPU
		{DA473CA7-BDA6-486D-B3F5-8E7FA100954E}.Debug|Any CPU.ActiveCfg = Debug|Any CPU
		{DA473CA7-BDA6-486D-B3F5-8E7FA100954E}.Debug|Any CPU.Build.0 = Debug|Any CPU
		{DA473CA7-BDA6-486D-B3F5-8E7FA100954E}.Release|Any CPU.ActiveCfg = Release|Any CPU
		{DA473CA7-BDA6-486D-B3F5-8E7FA100954E}.Release|Any CPU.Build.0 = Release|Any CPU
		{76805642-35C8-4361-9AFD-374A7151F125}.Debug|Any CPU.ActiveCfg = Debug|Any CPU
		{76805642-35C8-4361-9AFD-374A7151F125}.Debug|Any CPU.Build.0 = Debug|Any CPU
		{76805642-35C8-4361-9AFD-374A7151F125}.Release|Any CPU.ActiveCfg = Release|Any CPU
		{76805642-35C8-4361-9AFD-374A7151F125}.Release|Any CPU.Build.0 = Release|Any CPU
		{0098C660-35C3-4E5E-AE3C-69283FB0E14F}.Debug|Any CPU.ActiveCfg = Debug|Any CPU
		{0098C660-35C3-4E5E-AE3C-69283FB0E14F}.Debug|Any CPU.Build.0 = Debug|Any CPU
		{0098C660-35C3-4E5E-AE3C-69283FB0E14F}.Release|Any CPU.ActiveCfg = Release|Any CPU
		{0098C660-35C3-4E5E-AE3C-69283FB0E14F}.Release|Any CPU.Build.0 = Release|Any CPU
		{43654F0F-851F-486B-9E31-AB755601FD2F}.Debug|Any CPU.ActiveCfg = Debug|Any CPU
		{43654F0F-851F-486B-9E31-AB755601FD2F}.Debug|Any CPU.Build.0 = Debug|Any CPU
		{43654F0F-851F-486B-9E31-AB755601FD2F}.Release|Any CPU.ActiveCfg = Release|Any CPU
		{43654F0F-851F-486B-9E31-AB755601FD2F}.Release|Any CPU.Build.0 = Release|Any CPU
		{1D9C19D9-EACD-464F-BA3E-9912001F5D88}.Debug|Any CPU.ActiveCfg = Debug|Any CPU
		{1D9C19D9-EACD-464F-BA3E-9912001F5D88}.Debug|Any CPU.Build.0 = Debug|Any CPU
		{1D9C19D9-EACD-464F-BA3E-9912001F5D88}.Release|Any CPU.ActiveCfg = Release|Any CPU
		{1D9C19D9-EACD-464F-BA3E-9912001F5D88}.Release|Any CPU.Build.0 = Release|Any CPU
		{63E6C98A-9300-4296-AE72-2E4A19F8622A}.Debug|Any CPU.ActiveCfg = Debug|Any CPU
		{63E6C98A-9300-4296-AE72-2E4A19F8622A}.Debug|Any CPU.Build.0 = Debug|Any CPU
		{63E6C98A-9300-4296-AE72-2E4A19F8622A}.Release|Any CPU.ActiveCfg = Release|Any CPU
		{63E6C98A-9300-4296-AE72-2E4A19F8622A}.Release|Any CPU.Build.0 = Release|Any CPU
		{7BC8FCCF-7CE5-4CCA-9CAD-0E3D1205BA38}.Debug|Any CPU.ActiveCfg = Debug|Any CPU
		{7BC8FCCF-7CE5-4CCA-9CAD-0E3D1205BA38}.Debug|Any CPU.Build.0 = Debug|Any CPU
		{7BC8FCCF-7CE5-4CCA-9CAD-0E3D1205BA38}.Release|Any CPU.ActiveCfg = Release|Any CPU
		{7BC8FCCF-7CE5-4CCA-9CAD-0E3D1205BA38}.Release|Any CPU.Build.0 = Release|Any CPU
		{C157114F-6478-40B1-9FDC-71F6352BA906}.Debug|Any CPU.ActiveCfg = Debug|Any CPU
		{C157114F-6478-40B1-9FDC-71F6352BA906}.Debug|Any CPU.Build.0 = Debug|Any CPU
		{C157114F-6478-40B1-9FDC-71F6352BA906}.Release|Any CPU.ActiveCfg = Release|Any CPU
		{C157114F-6478-40B1-9FDC-71F6352BA906}.Release|Any CPU.Build.0 = Release|Any CPU
		{BC900F03-814D-4E27-9D43-24D968BE9865}.Debug|Any CPU.ActiveCfg = Debug|Any CPU
		{BC900F03-814D-4E27-9D43-24D968BE9865}.Debug|Any CPU.Build.0 = Debug|Any CPU
		{BC900F03-814D-4E27-9D43-24D968BE9865}.Release|Any CPU.ActiveCfg = Release|Any CPU
		{BC900F03-814D-4E27-9D43-24D968BE9865}.Release|Any CPU.Build.0 = Release|Any CPU
		{E9765FDC-4F8B-43C5-B7CF-2639A8EBE085}.Debug|Any CPU.ActiveCfg = Debug|Any CPU
		{E9765FDC-4F8B-43C5-B7CF-2639A8EBE085}.Debug|Any CPU.Build.0 = Debug|Any CPU
		{E9765FDC-4F8B-43C5-B7CF-2639A8EBE085}.Release|Any CPU.ActiveCfg = Release|Any CPU
		{E9765FDC-4F8B-43C5-B7CF-2639A8EBE085}.Release|Any CPU.Build.0 = Release|Any CPU
		{826F55EF-E361-4147-A0C4-D120349D74B4}.Debug|Any CPU.ActiveCfg = Debug|Any CPU
		{826F55EF-E361-4147-A0C4-D120349D74B4}.Debug|Any CPU.Build.0 = Debug|Any CPU
		{826F55EF-E361-4147-A0C4-D120349D74B4}.Release|Any CPU.ActiveCfg = Release|Any CPU
		{826F55EF-E361-4147-A0C4-D120349D74B4}.Release|Any CPU.Build.0 = Release|Any CPU
		{1E3C2AAA-C189-40EC-A6A9-4E9ED1A31441}.Debug|Any CPU.ActiveCfg = Debug|Any CPU
		{1E3C2AAA-C189-40EC-A6A9-4E9ED1A31441}.Debug|Any CPU.Build.0 = Debug|Any CPU
		{1E3C2AAA-C189-40EC-A6A9-4E9ED1A31441}.Release|Any CPU.ActiveCfg = Release|Any CPU
		{1E3C2AAA-C189-40EC-A6A9-4E9ED1A31441}.Release|Any CPU.Build.0 = Release|Any CPU
	EndGlobalSection
	GlobalSection(SolutionProperties) = preSolution
		HideSolutionNode = FALSE
	EndGlobalSection
	GlobalSection(NestedProjects) = preSolution
		{4510FEB4-BE57-455D-B41E-A03074EDE70B} = {02EA681E-C7D8-13C7-8484-4AC65E1B71E8}
		{1019B975-315E-45E2-B48C-435743492A5B} = {02EA681E-C7D8-13C7-8484-4AC65E1B71E8}
		{1850C614-DAA6-47D5-A478-2B8E0CE4E45F} = {02EA681E-C7D8-13C7-8484-4AC65E1B71E8}
		{39F7D26C-B58B-4B74-A715-388344B28E16} = {9D9A165F-DDC2-4CB7-BBD5-6BB9A4989C6A}
		{F8D161A2-2A52-4488-9DF7-3330676411D4} = {9D9A165F-DDC2-4CB7-BBD5-6BB9A4989C6A}
		{5D7D9F74-E179-4EBB-BF34-37BEAE8E8E88} = {9D9A165F-DDC2-4CB7-BBD5-6BB9A4989C6A}
		{76805642-35C8-4361-9AFD-374A7151F125} = {CB65A1D3-D28F-4F85-819A-5B22EED48899}
		{0098C660-35C3-4E5E-AE3C-69283FB0E14F} = {CB65A1D3-D28F-4F85-819A-5B22EED48899}
		{E9765FDC-4F8B-43C5-B7CF-2639A8EBE085} = {2B06BBB5-E03E-413A-9BE0-EE9C41D22B04}
		{826F55EF-E361-4147-A0C4-D120349D74B4} = {2B06BBB5-E03E-413A-9BE0-EE9C41D22B04}
		{1E3C2AAA-C189-40EC-A6A9-4E9ED1A31441} = {2B06BBB5-E03E-413A-9BE0-EE9C41D22B04}
	EndGlobalSection
	GlobalSection(ExtensibilityGlobals) = postSolution
		SolutionGuid = {93C3B3CC-AFE1-4387-992B-FC05ADE8B51B}
	EndGlobalSection
EndGlobal
